{
    "name": "kkndanpkl",
    "version": "25.12.0",
    "lockfileVersion": 3,
    "requires": true,
    "packages": {
        "": {
            "name": "kkndanpkl",
            "version": "25.12.0",
            "license": "SEE LICENSE IN LICENSE.md",
            "engines": {
                "node": ">=18"
            }
        }
    }
}
